{
  "name": "example-project",
  "version": "1.0.0",
  "lockfileVersion": 2,
  "requires": true,
  "packages": {
    "": {
      "name": "example-project",
      "version": "1.0.0",
      "dependencies": {
        "ckeditor4": "<4.24.0-lts"
      }
    },
    "node_modules/ckeditor4": {
      "version": "4.23.1",
      "resolved": "https://registry.npmjs.org/ckeditor4/-/ckeditor4-4.23.1.tgz",
      "integrity": "sha512-...checksum...",
      "dev": false
    }
  },
  "dependencies": {
    "ckeditor4": {
      "version": "4.23.1",
      "resolved": "https://registry.npmjs.org/ckeditor4/-/ckeditor4-4.23.1.tgz",
      "integrity": "sha512-...checksum...",
      "dev": false
    }
  }
}
